
Microsoft Visual Studio Solution File, Format Version 12.00
# Visual Studio 15
VisualStudioVersion = 15.0.27130.2024
MinimumVisualStudioVersion = 10.0.40219.1
Project("{FAE04EC0-301F-11D3-BF4B-00C04F79EFBC}") = "JM_ConsoleApp_SplitTables_02", "JM_ConsoleApp_SplitTables_02\JM_ConsoleApp_SplitTables_02.csproj", "{6314FF7B-73DC-4AA7-A671-5DE9A1E319F2}"
EndProject
Global
	GlobalSection(SolutionConfigurationPlatforms) = preSolution
		Debug|Any CPU = Debug|Any CPU
		Release|Any CPU = Release|Any CPU
	EndGlobalSection
	GlobalSection(ProjectConfigurationPlatforms) = postSolution
		{6314FF7B-73DC-4AA7-A671-5DE9A1E319F2}.Debug|Any CPU.ActiveCfg = Debug|Any CPU
		{6314FF7B-73DC-4AA7-A671-5DE9A1E319F2}.Debug|Any CPU.Build.0 = Debug|Any CPU
		{6314FF7B-73DC-4AA7-A671-5DE9A1E319F2}.Release|Any CPU.ActiveCfg = Release|Any CPU
		{6314FF7B-73DC-4AA7-A671-5DE9A1E319F2}.Release|Any CPU.Build.0 = Release|Any CPU
	EndGlobalSection
	GlobalSection(SolutionProperties) = preSolution
		HideSolutionNode = FALSE
	EndGlobalSection
	GlobalSection(ExtensibilityGlobals) = postSolution
		SolutionGuid = {9758BE61-8ED8-4965-8706-D45BED9E5E9E}
	EndGlobalSection
EndGlobal
