
Microsoft Visual Studio Solution File, Format Version 12.00
# Visual Studio 15
VisualStudioVersion = 15.0.27130.2024
MinimumVisualStudioVersion = 10.0.40219.1
Project("{FAE04EC0-301F-11D3-BF4B-00C04F79EFBC}") = "JM_ConsoleApp_SplitTables_11", "JM_ConsoleApp_SplitTables_11\JM_ConsoleApp_SplitTables_11.csproj", "{C98E492C-D6EA-4FA9-93DD-7B12C2E405F7}"
EndProject
Global
	GlobalSection(SolutionConfigurationPlatforms) = preSolution
		Debug|Any CPU = Debug|Any CPU
		Release|Any CPU = Release|Any CPU
	EndGlobalSection
	GlobalSection(ProjectConfigurationPlatforms) = postSolution
		{C98E492C-D6EA-4FA9-93DD-7B12C2E405F7}.Debug|Any CPU.ActiveCfg = Debug|Any CPU
		{C98E492C-D6EA-4FA9-93DD-7B12C2E405F7}.Debug|Any CPU.Build.0 = Debug|Any CPU
		{C98E492C-D6EA-4FA9-93DD-7B12C2E405F7}.Release|Any CPU.ActiveCfg = Release|Any CPU
		{C98E492C-D6EA-4FA9-93DD-7B12C2E405F7}.Release|Any CPU.Build.0 = Release|Any CPU
	EndGlobalSection
	GlobalSection(SolutionProperties) = preSolution
		HideSolutionNode = FALSE
	EndGlobalSection
	GlobalSection(ExtensibilityGlobals) = postSolution
		SolutionGuid = {D99975B2-4DF3-444A-BB45-1E80A2B1AE43}
	EndGlobalSection
EndGlobal
